
Microsoft Visual Studio Solution File, Format Version 12.00
# Visual Studio 15
VisualStudioVersion = 15.0.28307.421
MinimumVisualStudioVersion = 10.0.40219.1
Project("{FAE04EC0-301F-11D3-BF4B-00C04F79EFBC}") = "DAL", "DAL\DAL.csproj", "{9EEEE2C1-6E94-4501-95AB-0E1916EAAA23}"
EndProject
Project("{FAE04EC0-301F-11D3-BF4B-00C04F79EFBC}") = "GUI", "GUI\GUI.csproj", "{D56FC340-900E-4C9C-A27F-686D06D87C87}"
EndProject
Project("{FAE04EC0-301F-11D3-BF4B-00C04F79EFBC}") = "ItemPage", "ItemPage\ItemPage.csproj", "{E91808CC-CE65-4054-8B38-19359BE98AE1}"
EndProject
Global
	GlobalSection(SolutionConfigurationPlatforms) = preSolution
		Debug|Any CPU = Debug|Any CPU
		Release|Any CPU = Release|Any CPU
	EndGlobalSection
	GlobalSection(ProjectConfigurationPlatforms) = postSolution
		{9EEEE2C1-6E94-4501-95AB-0E1916EAAA23}.Debug|Any CPU.ActiveCfg = Debug|Any CPU
		{9EEEE2C1-6E94-4501-95AB-0E1916EAAA23}.Debug|Any CPU.Build.0 = Debug|Any CPU
		{9EEEE2C1-6E94-4501-95AB-0E1916EAAA23}.Release|Any CPU.ActiveCfg = Release|Any CPU
		{9EEEE2C1-6E94-4501-95AB-0E1916EAAA23}.Release|Any CPU.Build.0 = Release|Any CPU
		{D56FC340-900E-4C9C-A27F-686D06D87C87}.Debug|Any CPU.ActiveCfg = Debug|Any CPU
		{D56FC340-900E-4C9C-A27F-686D06D87C87}.Debug|Any CPU.Build.0 = Debug|Any CPU
		{D56FC340-900E-4C9C-A27F-686D06D87C87}.Release|Any CPU.ActiveCfg = Release|Any CPU
		{D56FC340-900E-4C9C-A27F-686D06D87C87}.Release|Any CPU.Build.0 = Release|Any CPU
		{E91808CC-CE65-4054-8B38-19359BE98AE1}.Debug|Any CPU.ActiveCfg = Debug|Any CPU
		{E91808CC-CE65-4054-8B38-19359BE98AE1}.Debug|Any CPU.Build.0 = Debug|Any CPU
		{E91808CC-CE65-4054-8B38-19359BE98AE1}.Release|Any CPU.ActiveCfg = Release|Any CPU
		{E91808CC-CE65-4054-8B38-19359BE98AE1}.Release|Any CPU.Build.0 = Release|Any CPU
	EndGlobalSection
	GlobalSection(SolutionProperties) = preSolution
		HideSolutionNode = FALSE
	EndGlobalSection
	GlobalSection(ExtensibilityGlobals) = postSolution
		SolutionGuid = {A3692C23-C424-458B-B9DF-2880C81E833F}
	EndGlobalSection
EndGlobal
