
Microsoft Visual Studio Solution File, Format Version 12.00
# Visual Studio 2012
Project("{FAE04EC0-301F-11D3-BF4B-00C04F79EFBC}") = "GUI", "GUI\GUI.csproj", "{D56FC340-900E-4C9C-A27F-686D06D87C87}"
EndProject
Project("{FAE04EC0-301F-11D3-BF4B-00C04F79EFBC}") = "DAL_TOUR", "DAL_TOUR\DAL_TOUR.csproj", "{DFB8996F-9E6B-4DEA-A0C7-FE06E977E602}"
EndProject
Global
	GlobalSection(SolutionConfigurationPlatforms) = preSolution
		Debug|Any CPU = Debug|Any CPU
		Release|Any CPU = Release|Any CPU
	EndGlobalSection
	GlobalSection(ProjectConfigurationPlatforms) = postSolution
		{D56FC340-900E-4C9C-A27F-686D06D87C87}.Debug|Any CPU.ActiveCfg = Debug|Any CPU
		{D56FC340-900E-4C9C-A27F-686D06D87C87}.Debug|Any CPU.Build.0 = Debug|Any CPU
		{D56FC340-900E-4C9C-A27F-686D06D87C87}.Release|Any CPU.ActiveCfg = Release|Any CPU
		{D56FC340-900E-4C9C-A27F-686D06D87C87}.Release|Any CPU.Build.0 = Release|Any CPU
		{DFB8996F-9E6B-4DEA-A0C7-FE06E977E602}.Debug|Any CPU.ActiveCfg = Debug|Any CPU
		{DFB8996F-9E6B-4DEA-A0C7-FE06E977E602}.Debug|Any CPU.Build.0 = Debug|Any CPU
		{DFB8996F-9E6B-4DEA-A0C7-FE06E977E602}.Release|Any CPU.ActiveCfg = Release|Any CPU
		{DFB8996F-9E6B-4DEA-A0C7-FE06E977E602}.Release|Any CPU.Build.0 = Release|Any CPU
	EndGlobalSection
	GlobalSection(SolutionProperties) = preSolution
		HideSolutionNode = FALSE
	EndGlobalSection
	GlobalSection(ExtensibilityGlobals) = postSolution
		SolutionGuid = {A3692C23-C424-458B-B9DF-2880C81E833F}
	EndGlobalSection
EndGlobal
